{
  "name": "hacker-rank",
  "version": "1.0.0",
  "lockfileVersion": 1,
  "requires": true,
  "dependencies": {
    "number-precision": {
      "version": "1.2.1",
      "resolved": "https://registry.npmjs.org/number-precision/-/number-precision-1.2.1.tgz",
      "integrity": "sha512-fdayRN4GSxQPCzs8UsLjsh5bh07B6lYBLc/mwYyE9818EzANgkm2b3dQdCqmdq8+JRIvfaQ/pKIIWA5DdNusBQ=="
    }
  }
}
